
Microsoft Visual Studio Solution File, Format Version 12.00
# Visual Studio Version 17
VisualStudioVersion = 17.9.34902.65
MinimumVisualStudioVersion = 10.0.40219.1
Project("{9A19103F-16F7-4668-BE54-9A1E7A4F7556}") = "Entidades", "PP_Escaner\Entidades.csproj", "{84C51D0B-FBB5-42FF-92A9-603307B282FF}"
EndProject
Project("{9A19103F-16F7-4668-BE54-9A1E7A4F7556}") = "Test", "Testing\Test.csproj", "{3ED273BA-D307-46FF-B35F-39A0809EC4CA}"
EndProject
Global
	GlobalSection(SolutionConfigurationPlatforms) = preSolution
		Debug|Any CPU = Debug|Any CPU
		Release|Any CPU = Release|Any CPU
	EndGlobalSection
	GlobalSection(ProjectConfigurationPlatforms) = postSolution
		{84C51D0B-FBB5-42FF-92A9-603307B282FF}.Debug|Any CPU.ActiveCfg = Debug|Any CPU
		{84C51D0B-FBB5-42FF-92A9-603307B282FF}.Debug|Any CPU.Build.0 = Debug|Any CPU
		{84C51D0B-FBB5-42FF-92A9-603307B282FF}.Release|Any CPU.ActiveCfg = Release|Any CPU
		{84C51D0B-FBB5-42FF-92A9-603307B282FF}.Release|Any CPU.Build.0 = Release|Any CPU
		{3ED273BA-D307-46FF-B35F-39A0809EC4CA}.Debug|Any CPU.ActiveCfg = Debug|Any CPU
		{3ED273BA-D307-46FF-B35F-39A0809EC4CA}.Debug|Any CPU.Build.0 = Debug|Any CPU
		{3ED273BA-D307-46FF-B35F-39A0809EC4CA}.Release|Any CPU.ActiveCfg = Release|Any CPU
		{3ED273BA-D307-46FF-B35F-39A0809EC4CA}.Release|Any CPU.Build.0 = Release|Any CPU
	EndGlobalSection
	GlobalSection(SolutionProperties) = preSolution
		HideSolutionNode = FALSE
	EndGlobalSection
	GlobalSection(ExtensibilityGlobals) = postSolution
		SolutionGuid = {F6D8C43A-DDE8-4DDD-B60D-D2AE3484B193}
	EndGlobalSection
EndGlobal
